
Microsoft Visual Studio Solution File, Format Version 12.00
# Visual Studio Version 17
VisualStudioVersion = 17.1.32210.238
MinimumVisualStudioVersion = 10.0.40219.1
Project("{FAE04EC0-301F-11D3-BF4B-00C04F79EFBC}") = "TheBMS", "TheBMS\TheBMS.csproj", "{FEA965A9-A62D-4C78-A4C6-1229960F79E2}"
EndProject
Global
	GlobalSection(SolutionConfigurationPlatforms) = preSolution
		Debug|Any CPU = Debug|Any CPU
		Release|Any CPU = Release|Any CPU
	EndGlobalSection
	GlobalSection(ProjectConfigurationPlatforms) = postSolution
		{FEA965A9-A62D-4C78-A4C6-1229960F79E2}.Debug|Any CPU.ActiveCfg = Debug|Any CPU
		{FEA965A9-A62D-4C78-A4C6-1229960F79E2}.Debug|Any CPU.Build.0 = Debug|Any CPU
		{FEA965A9-A62D-4C78-A4C6-1229960F79E2}.Release|Any CPU.ActiveCfg = Release|Any CPU
		{FEA965A9-A62D-4C78-A4C6-1229960F79E2}.Release|Any CPU.Build.0 = Release|Any CPU
	EndGlobalSection
	GlobalSection(SolutionProperties) = preSolution
		HideSolutionNode = FALSE
	EndGlobalSection
	GlobalSection(ExtensibilityGlobals) = postSolution
		SolutionGuid = {AB6D95D1-AEB9-4E6D-AE49-DDA8BD62350C}
	EndGlobalSection
EndGlobal
